
Microsoft Visual Studio Solution File, Format Version 12.00
# Visual Studio Version 17
VisualStudioVersion = 17.8.34931.61
MinimumVisualStudioVersion = 10.0.40219.1
Project("{FAE04EC0-301F-11D3-BF4B-00C04F79EFBC}") = "DurableTaskSample", "DurableTaskSample\DurableTaskSample.csproj", "{9E525697-AA64-4AA6-8CFB-DC6BC19D94E9}"
EndProject
Global
	GlobalSection(SolutionConfigurationPlatforms) = preSolution
		Debug|Any CPU = Debug|Any CPU
		Release|Any CPU = Release|Any CPU
	EndGlobalSection
	GlobalSection(ProjectConfigurationPlatforms) = postSolution
		{9E525697-AA64-4AA6-8CFB-DC6BC19D94E9}.Debug|Any CPU.ActiveCfg = Debug|Any CPU
		{9E525697-AA64-4AA6-8CFB-DC6BC19D94E9}.Debug|Any CPU.Build.0 = Debug|Any CPU
		{9E525697-AA64-4AA6-8CFB-DC6BC19D94E9}.Release|Any CPU.ActiveCfg = Release|Any CPU
		{9E525697-AA64-4AA6-8CFB-DC6BC19D94E9}.Release|Any CPU.Build.0 = Release|Any CPU
	EndGlobalSection
	GlobalSection(SolutionProperties) = preSolution
		HideSolutionNode = FALSE
	EndGlobalSection
	GlobalSection(ExtensibilityGlobals) = postSolution
		SolutionGuid = {6C8EBDE2-CE17-43BC-9ADC-B692F580B24B}
	EndGlobalSection
EndGlobal
